
Microsoft Visual Studio Solution File, Format Version 12.00
# Visual Studio 2013
VisualStudioVersion = 12.0.31101.0
MinimumVisualStudioVersion = 10.0.40219.1
Project("{FAE04EC0-301F-11D3-BF4B-00C04F79EFBC}") = "GatoradeShowerServices", "WorkingVersionGetItDone\GatoradeShowerServices.csproj", "{68C36130-1673-429C-BBE6-952AB3FD4F13}"
EndProject
Project("{2150E333-8FDC-42A3-9474-1A3956D46DE8}") = ".nuget", ".nuget", "{1BE8522E-8992-42A4-A114-728DEA7DD998}"
	ProjectSection(SolutionItems) = preProject
		.nuget\NuGet.Config = .nuget\NuGet.Config
		.nuget\NuGet.exe = .nuget\NuGet.exe
		.nuget\NuGet.targets = .nuget\NuGet.targets
	EndProjectSection
EndProject
Project("{FAE04EC0-301F-11D3-BF4B-00C04F79EFBC}") = "GatoradeShowerPhone", "GatoradeShowerPhone\GatoradeShowerPhone.csproj", "{237DECE8-6DFF-47F4-BDAF-53922184FAED}"
EndProject
Global
	GlobalSection(TeamFoundationVersionControl) = preSolution
		SccNumberOfProjects = 3
		SccEnterpriseProvider = {4CA58AB2-18FA-4F8D-95D4-32DDF27D184C}
		SccTeamFoundationServer = https://thisislive2.visualstudio.com/defaultcollection
		SccLocalPath0 = .
		SccProjectUniqueName1 = WorkingVersionGetItDone\\GatoradeShowerServices.csproj
		SccProjectName1 = WorkingVersionGetItDone
		SccLocalPath1 = WorkingVersionGetItDone
		SccProjectUniqueName2 = GatoradeShowerPhone\\GatoradeShowerPhone.csproj
		SccProjectName2 = GatoradeShowerPhone
		SccLocalPath2 = GatoradeShowerPhone
	EndGlobalSection
	GlobalSection(SolutionConfigurationPlatforms) = preSolution
		Debug|Any CPU = Debug|Any CPU
		Debug|ARM = Debug|ARM
		Debug|x64 = Debug|x64
		Debug|x86 = Debug|x86
		Release|Any CPU = Release|Any CPU
		Release|ARM = Release|ARM
		Release|x64 = Release|x64
		Release|x86 = Release|x86
	EndGlobalSection
	GlobalSection(ProjectConfigurationPlatforms) = postSolution
		{68C36130-1673-429C-BBE6-952AB3FD4F13}.Debug|Any CPU.ActiveCfg = Debug|Any CPU
		{68C36130-1673-429C-BBE6-952AB3FD4F13}.Debug|Any CPU.Build.0 = Debug|Any CPU
		{68C36130-1673-429C-BBE6-952AB3FD4F13}.Debug|ARM.ActiveCfg = Debug|Any CPU
		{68C36130-1673-429C-BBE6-952AB3FD4F13}.Debug|x64.ActiveCfg = Debug|Any CPU
		{68C36130-1673-429C-BBE6-952AB3FD4F13}.Debug|x86.ActiveCfg = Debug|Any CPU
		{68C36130-1673-429C-BBE6-952AB3FD4F13}.Release|Any CPU.ActiveCfg = Release|Any CPU
		{68C36130-1673-429C-BBE6-952AB3FD4F13}.Release|Any CPU.Build.0 = Release|Any CPU
		{68C36130-1673-429C-BBE6-952AB3FD4F13}.Release|ARM.ActiveCfg = Release|Any CPU
		{68C36130-1673-429C-BBE6-952AB3FD4F13}.Release|x64.ActiveCfg = Release|Any CPU
		{68C36130-1673-429C-BBE6-952AB3FD4F13}.Release|x86.ActiveCfg = Release|Any CPU
		{237DECE8-6DFF-47F4-BDAF-53922184FAED}.Debug|Any CPU.ActiveCfg = Debug|Any CPU
		{237DECE8-6DFF-47F4-BDAF-53922184FAED}.Debug|Any CPU.Build.0 = Debug|Any CPU
		{237DECE8-6DFF-47F4-BDAF-53922184FAED}.Debug|Any CPU.Deploy.0 = Debug|Any CPU
		{237DECE8-6DFF-47F4-BDAF-53922184FAED}.Debug|ARM.ActiveCfg = Debug|ARM
		{237DECE8-6DFF-47F4-BDAF-53922184FAED}.Debug|ARM.Build.0 = Debug|ARM
		{237DECE8-6DFF-47F4-BDAF-53922184FAED}.Debug|ARM.Deploy.0 = Debug|ARM
		{237DECE8-6DFF-47F4-BDAF-53922184FAED}.Debug|x64.ActiveCfg = Debug|Any CPU
		{237DECE8-6DFF-47F4-BDAF-53922184FAED}.Debug|x86.ActiveCfg = Debug|x86
		{237DECE8-6DFF-47F4-BDAF-53922184FAED}.Debug|x86.Build.0 = Debug|x86
		{237DECE8-6DFF-47F4-BDAF-53922184FAED}.Debug|x86.Deploy.0 = Debug|x86
		{237DECE8-6DFF-47F4-BDAF-53922184FAED}.Release|Any CPU.ActiveCfg = Release|Any CPU
		{237DECE8-6DFF-47F4-BDAF-53922184FAED}.Release|Any CPU.Build.0 = Release|Any CPU
		{237DECE8-6DFF-47F4-BDAF-53922184FAED}.Release|Any CPU.Deploy.0 = Release|Any CPU
		{237DECE8-6DFF-47F4-BDAF-53922184FAED}.Release|ARM.ActiveCfg = Release|ARM
		{237DECE8-6DFF-47F4-BDAF-53922184FAED}.Release|ARM.Build.0 = Release|ARM
		{237DECE8-6DFF-47F4-BDAF-53922184FAED}.Release|ARM.Deploy.0 = Release|ARM
		{237DECE8-6DFF-47F4-BDAF-53922184FAED}.Release|x64.ActiveCfg = Release|Any CPU
		{237DECE8-6DFF-47F4-BDAF-53922184FAED}.Release|x86.ActiveCfg = Release|x86
		{237DECE8-6DFF-47F4-BDAF-53922184FAED}.Release|x86.Build.0 = Release|x86
		{237DECE8-6DFF-47F4-BDAF-53922184FAED}.Release|x86.Deploy.0 = Release|x86
	EndGlobalSection
	GlobalSection(SolutionProperties) = preSolution
		HideSolutionNode = FALSE
	EndGlobalSection
EndGlobal
